
Microsoft Visual Studio Solution File, Format Version 12.00
# Visual Studio Version 16
VisualStudioVersion = 16.0.810.21
MinimumVisualStudioVersion = 10.0.40219.1
Project("{FAE04EC0-301F-11D3-BF4B-00C04F79EFBC}") = "UserAPI", "UserAPI\UserAPI.csproj", "{DF41FF7F-F7A9-4909-84B0-7EDA2196CB3B}"
EndProject
Global
	GlobalSection(SolutionConfigurationPlatforms) = preSolution
		Debug|Any CPU = Debug|Any CPU
		Release|Any CPU = Release|Any CPU
	EndGlobalSection
	GlobalSection(ProjectConfigurationPlatforms) = postSolution
		{DF41FF7F-F7A9-4909-84B0-7EDA2196CB3B}.Debug|Any CPU.ActiveCfg = Debug|Any CPU
		{DF41FF7F-F7A9-4909-84B0-7EDA2196CB3B}.Debug|Any CPU.Build.0 = Debug|Any CPU
		{DF41FF7F-F7A9-4909-84B0-7EDA2196CB3B}.Release|Any CPU.ActiveCfg = Release|Any CPU
		{DF41FF7F-F7A9-4909-84B0-7EDA2196CB3B}.Release|Any CPU.Build.0 = Release|Any CPU
	EndGlobalSection
	GlobalSection(SolutionProperties) = preSolution
		HideSolutionNode = FALSE
	EndGlobalSection
	GlobalSection(ExtensibilityGlobals) = postSolution
		SolutionGuid = {60F098E8-69CA-4AA5-8D33-789131903A0B}
	EndGlobalSection
EndGlobal
